
Microsoft Visual Studio Solution File, Format Version 12.00
# Visual Studio Version 17
VisualStudioVersion = 17.2.32526.322
MinimumVisualStudioVersion = 10.0.40219.1
Project("{FAE04EC0-301F-11D3-BF4B-00C04F79EFBC}") = "1_Priority_Queue", "1_Priority_Queue.csproj", "{35D49F63-1958-4DA4-8712-17F501C5F038}"
EndProject
Global
	GlobalSection(SolutionConfigurationPlatforms) = preSolution
		Debug|Any CPU = Debug|Any CPU
		Release|Any CPU = Release|Any CPU
	EndGlobalSection
	GlobalSection(ProjectConfigurationPlatforms) = postSolution
		{35D49F63-1958-4DA4-8712-17F501C5F038}.Debug|Any CPU.ActiveCfg = Debug|Any CPU
		{35D49F63-1958-4DA4-8712-17F501C5F038}.Debug|Any CPU.Build.0 = Debug|Any CPU
		{35D49F63-1958-4DA4-8712-17F501C5F038}.Release|Any CPU.ActiveCfg = Release|Any CPU
		{35D49F63-1958-4DA4-8712-17F501C5F038}.Release|Any CPU.Build.0 = Release|Any CPU
	EndGlobalSection
	GlobalSection(SolutionProperties) = preSolution
		HideSolutionNode = FALSE
	EndGlobalSection
	GlobalSection(ExtensibilityGlobals) = postSolution
		SolutionGuid = {7FD3CF75-0A38-4B8E-8C62-7DD6524DEB3F}
	EndGlobalSection
EndGlobal
